// !$*UTF8*$!
{
	archiveVersion = 1;
	classes = {
	};
	objectVersion = 46;
	objects = {

/* Begin PBXBuildFile section */
		1D17B1B519B7081A007128C9 /* Foundation.framework in Frameworks */ = {isa = PBXBuildFile; fileRef = 1D17B1B419B7081A007128C9 /* Foundation.framework */; };
		1D17B1B719B7081A007128C9 /* CoreGraphics.framework in Frameworks */ = {isa = PBXBuildFile; fileRef = 1D17B1B619B7081A007128C9 /* CoreGraphics.framework */; };
		1D17B1B919B7081A007128C9 /* UIKit.framework in Frameworks */ = {isa = PBXBuildFile; fileRef = 1D17B1B819B7081A007128C9 /* UIKit.framework */; };
		1D17B1BF19B7081A007128C9 /* InfoPlist.strings in Resources */ = {isa = PBXBuildFile; fileRef = 1D17B1BD19B7081A007128C9 /* InfoPlist.strings */; };
		1D17B1C119B7081A007128C9 /* main.m in Sources */ = {isa = PBXBuildFile; fileRef = 1D17B1C019B7081A007128C9 /* main.m */; };
		1D17B1C519B7081A007128C9 /* AppDelegate.m in Sources */ = {isa = PBXBuildFile; fileRef = 1D17B1C419B7081A007128C9 /* AppDelegate.m */; };
		1D17B1C819B7081A007128C9 /* Main_iPhone.storyboard in Resources */ = {isa = PBXBuildFile; fileRef = 1D17B1C619B7081A007128C9 /* Main_iPhone.storyboard */; };
		1D17B1CE19B7081A007128C9 /* ViewController.m in Sources */ = {isa = PBXBuildFile; fileRef = 1D17B1CD19B7081A007128C9 /* ViewController.m */; };
		1D17B1D019B7081A007128C9 /* Images.xcassets in Resources */ = {isa = PBXBuildFile; fileRef = 1D17B1CF19B7081A007128C9 /* Images.xcassets */; };
		1D17B1D719B7081A007128C9 /* XCTest.framework in Frameworks */ = {isa = PBXBuildFile; fileRef = 1D17B1D619B7081A007128C9 /* XCTest.framework */; };
		1D17B1D819B7081A007128C9 /* Foundation.framework in Frameworks */ = {isa = PBXBuildFile; fileRef = 1D17B1B419B7081A007128C9 /* Foundation.framework */; };
		1D17B1D919B7081A007128C9 /* UIKit.framework in Frameworks */ = {isa = PBXBuildFile; fileRef = 1D17B1B819B7081A007128C9 /* UIKit.framework */; };
		1D17B1E119B7081A007128C9 /* InfoPlist.strings in Resources */ = {isa = PBXBuildFile; fileRef = 1D17B1DF19B7081A007128C9 /* InfoPlist.strings */; };
		1D17B1E319B7081A007128C9 /* CircleMenuDemoTests.m in Sources */ = {isa = PBXBuildFile; fileRef = 1D17B1E219B7081A007128C9 /* CircleMenuDemoTests.m */; };
		1D17B33219B749F7007128C9 /* Podfile in Resources */ = {isa = PBXBuildFile; fileRef = 1D17B33119B749F7007128C9 /* Podfile */; };
		BBEB6341CE0142B8945E26C6 /* libPods.a in Frameworks */ = {isa = PBXBuildFile; fileRef = A6C9B7E8C3FA46668BA7E447 /* libPods.a */; };
/* End PBXBuildFile section */

/* Begin PBXContainerItemProxy section */
		1D17B1DA19B7081A007128C9 /* PBXContainerItemProxy */ = {
			isa = PBXContainerItemProxy;
			containerPortal = 1D17B1A919B7081A007128C9 /* Project object */;
			proxyType = 1;
			remoteGlobalIDString = 1D17B1B019B7081A007128C9;
			remoteInfo = CircleMenuDemo;
		};
/* End PBXContainerItemProxy section */

/* Begin PBXFileReference section */
		1D17B1B119B7081A007128C9 /* CircleMenuDemo.app */ = {isa = PBXFileReference; explicitFileType = wrapper.application; includeInIndex = 0; path = CircleMenuDemo.app; sourceTree = BUILT_PRODUCTS_DIR; };
		1D17B1B419B7081A007128C9 /* Foundation.framework */ = {isa = PBXFileReference; lastKnownFileType = wrapper.framework; name = Foundation.framework; path = System/Library/Frameworks/Foundation.framework; sourceTree = SDKROOT; };
		1D17B1B619B7081A007128C9 /* CoreGraphics.framework */ = {isa = PBXFileReference; lastKnownFileType = wrapper.framework; name = CoreGraphics.framework; path = System/Library/Frameworks/CoreGraphics.framework; sourceTree = SDKROOT; };
		1D17B1B819B7081A007128C9 /* UIKit.framework */ = {isa = PBXFileReference; lastKnownFileType = wrapper.framework; name = UIKit.framework; path = System/Library/Frameworks/UIKit.framework; sourceTree = SDKROOT; };
		1D17B1BC19B7081A007128C9 /* CircleMenuDemo-Info.plist */ = {isa = PBXFileReference; lastKnownFileType = text.plist.xml; path = "CircleMenuDemo-Info.plist"; sourceTree = "<group>"; };
		1D17B1BE19B7081A007128C9 /* en */ = {isa = PBXFileReference; lastKnownFileType = text.plist.strings; name = en; path = en.lproj/InfoPlist.strings; sourceTree = "<group>"; };
		1D17B1C019B7081A007128C9 /* main.m */ = {isa = PBXFileReference; lastKnownFileType = sourcecode.c.objc; path = main.m; sourceTree = "<group>"; };
		1D17B1C219B7081A007128C9 /* CircleMenuDemo-Prefix.pch */ = {isa = PBXFileReference; lastKnownFileType = sourcecode.c.h; path = "CircleMenuDemo-Prefix.pch"; sourceTree = "<group>"; };
		1D17B1C319B7081A007128C9 /* AppDelegate.h */ = {isa = PBXFileReference; lastKnownFileType = sourcecode.c.h; path = AppDelegate.h; sourceTree = "<group>"; };
		1D17B1C419B7081A007128C9 /* AppDelegate.m */ = {isa = PBXFileReference; lastKnownFileType = sourcecode.c.objc; path = AppDelegate.m; sourceTree = "<group>"; };
		1D17B1C719B7081A007128C9 /* Base */ = {isa = PBXFileReference; lastKnownFileType = file.storyboard; name = Base; path = Base.lproj/Main_iPhone.storyboard; sourceTree = "<group>"; };
		1D17B1CC19B7081A007128C9 /* ViewController.h */ = {isa = PBXFileReference; lastKnownFileType = sourcecode.c.h; path = ViewController.h; sourceTree = "<group>"; };
		1D17B1CD19B7081A007128C9 /* ViewController.m */ = {isa = PBXFileReference; lastKnownFileType = sourcecode.c.objc; path = ViewController.m; sourceTree = "<group>"; };
		1D17B1CF19B7081A007128C9 /* Images.xcassets */ = {isa = PBXFileReference; lastKnownFileType = folder.assetcatalog; path = Images.xcassets; sourceTree = "<group>"; };
		1D17B1D519B7081A007128C9 /* CircleMenuDemoTests.xctest */ = {isa = PBXFileReference; explicitFileType = wrapper.cfbundle; includeInIndex = 0; path = CircleMenuDemoTests.xctest; sourceTree = BUILT_PRODUCTS_DIR; };
		1D17B1D619B7081A007128C9 /* XCTest.framework */ = {isa = PBXFileReference; lastKnownFileType = wrapper.framework; name = XCTest.framework; path = Library/Frameworks/XCTest.framework; sourceTree = DEVELOPER_DIR; };
		1D17B1DE19B7081A007128C9 /* CircleMenuDemoTests-Info.plist */ = {isa = PBXFileReference; lastKnownFileType = text.plist.xml; path = "CircleMenuDemoTests-Info.plist"; sourceTree = "<group>"; };
		1D17B1E019B7081A007128C9 /* en */ = {isa = PBXFileReference; lastKnownFileType = text.plist.strings; name = en; path = en.lproj/InfoPlist.strings; sourceTree = "<group>"; };
		1D17B1E219B7081A007128C9 /* CircleMenuDemoTests.m */ = {isa = PBXFileReference; lastKnownFileType = sourcecode.c.objc; path = CircleMenuDemoTests.m; sourceTree = "<group>"; };
		1D17B33119B749F7007128C9 /* Podfile */ = {isa = PBXFileReference; fileEncoding = 4; lastKnownFileType = text; path = Podfile; sourceTree = "<group>"; };
		A6C9B7E8C3FA46668BA7E447 /* libPods.a */ = {isa = PBXFileReference; explicitFileType = archive.ar; includeInIndex = 0; path = libPods.a; sourceTree = BUILT_PRODUCTS_DIR; };
		D202C4CE5E4A48D9A4B6E690 /* Pods.xcconfig */ = {isa = PBXFileReference; includeInIndex = 1; lastKnownFileType = text.xcconfig; name = Pods.xcconfig; path = Pods/Pods.xcconfig; sourceTree = "<group>"; };
/* End PBXFileReference section */

/* Begin PBXFrameworksBuildPhase section */
		1D17B1AE19B7081A007128C9 /* Frameworks */ = {
			isa = PBXFrameworksBuildPhase;
			buildActionMask = 2147483647;
			files = (
				1D17B1B719B7081A007128C9 /* CoreGraphics.framework in Frameworks */,
				1D17B1B919B7081A007128C9 /* UIKit.framework in Frameworks */,
				1D17B1B519B7081A007128C9 /* Foundation.framework in Frameworks */,
				BBEB6341CE0142B8945E26C6 /* libPods.a in Frameworks */,
			);
			runOnlyForDeploymentPostprocessing = 0;
		};
		1D17B1D219B7081A007128C9 /* Frameworks */ = {
			isa = PBXFrameworksBuildPhase;
			buildActionMask = 2147483647;
			files = (
				1D17B1D719B7081A007128C9 /* XCTest.framework in Frameworks */,
				1D17B1D919B7081A007128C9 /* UIKit.framework in Frameworks */,
				1D17B1D819B7081A007128C9 /* Foundation.framework in Frameworks */,
			);
			runOnlyForDeploymentPostprocessing = 0;
		};
/* End PBXFrameworksBuildPhase section */

/* Begin PBXGroup section */
		1D17B1A819B7081A007128C9 = {
			isa = PBXGroup;
			children = (
				1D17B33119B749F7007128C9 /* Podfile */,
				1D17B1BA19B7081A007128C9 /* CircleMenuDemo */,
				1D17B1DC19B7081A007128C9 /* CircleMenuDemoTests */,
				1D17B1B319B7081A007128C9 /* Frameworks */,
				1D17B1B219B7081A007128C9 /* Products */,
				D202C4CE5E4A48D9A4B6E690 /* Pods.xcconfig */,
			);
			sourceTree = "<group>";
		};
		1D17B1B219B7081A007128C9 /* Products */ = {
			isa = PBXGroup;
			children = (
				1D17B1B119B7081A007128C9 /* CircleMenuDemo.app */,
				1D17B1D519B7081A007128C9 /* CircleMenuDemoTests.xctest */,
			);
			name = Products;
			sourceTree = "<group>";
		};
		1D17B1B319B7081A007128C9 /* Frameworks */ = {
			isa = PBXGroup;
			children = (
				1D17B1B419B7081A007128C9 /* Foundation.framework */,
				1D17B1B619B7081A007128C9 /* CoreGraphics.framework */,
				1D17B1B819B7081A007128C9 /* UIKit.framework */,
				1D17B1D619B7081A007128C9 /* XCTest.framework */,
				A6C9B7E8C3FA46668BA7E447 /* libPods.a */,
			);
			name = Frameworks;
			sourceTree = "<group>";
		};
		1D17B1BA19B7081A007128C9 /* CircleMenuDemo */ = {
			isa = PBXGroup;
			children = (
				1D17B1C319B7081A007128C9 /* AppDelegate.h */,
				1D17B1C419B7081A007128C9 /* AppDelegate.m */,
				1D17B1C619B7081A007128C9 /* Main_iPhone.storyboard */,
				1D17B1CC19B7081A007128C9 /* ViewController.h */,
				1D17B1CD19B7081A007128C9 /* ViewController.m */,
				1D17B1CF19B7081A007128C9 /* Images.xcassets */,
				1D17B1BB19B7081A007128C9 /* Supporting Files */,
			);
			path = CircleMenuDemo;
			sourceTree = "<group>";
		};
		1D17B1BB19B7081A007128C9 /* Supporting Files */ = {
			isa = PBXGroup;
			children = (
				1D17B1BC19B7081A007128C9 /* CircleMenuDemo-Info.plist */,
				1D17B1BD19B7081A007128C9 /* InfoPlist.strings */,
				1D17B1C019B7081A007128C9 /* main.m */,
				1D17B1C219B7081A007128C9 /* CircleMenuDemo-Prefix.pch */,
			);
			name = "Supporting Files";
			sourceTree = "<group>";
		};
		1D17B1DC19B7081A007128C9 /* CircleMenuDemoTests */ = {
			isa = PBXGroup;
			children = (
				1D17B1E219B7081A007128C9 /* CircleMenuDemoTests.m */,
				1D17B1DD19B7081A007128C9 /* Supporting Files */,
			);
			path = CircleMenuDemoTests;
			sourceTree = "<group>";
		};
		1D17B1DD19B7081A007128C9 /* Supporting Files */ = {
			isa = PBXGroup;
			children = (
				1D17B1DE19B7081A007128C9 /* CircleMenuDemoTests-Info.plist */,
				1D17B1DF19B7081A007128C9 /* InfoPlist.strings */,
			);
			name = "Supporting Files";
			sourceTree = "<group>";
		};
/* End PBXGroup section */

/* Begin PBXNativeTarget section */
		1D17B1B019B7081A007128C9 /* CircleMenuDemo */ = {
			isa = PBXNativeTarget;
			buildConfigurationList = 1D17B1E619B7081A007128C9 /* Build configuration list for PBXNativeTarget "CircleMenuDemo" */;
			buildPhases = (
				46F0B3C444DA47338C8D8B61 /* Check Pods Manifest.lock */,
				1D17B1AD19B7081A007128C9 /* Sources */,
				1D17B1AE19B7081A007128C9 /* Frameworks */,
				1D17B1AF19B7081A007128C9 /* Resources */,
				461814A9BBA942359A58520C /* Copy Pods Resources */,
			);
			buildRules = (
			);
			dependencies = (
			);
			name = CircleMenuDemo;
			productName = CircleMenuDemo;
			productReference = 1D17B1B119B7081A007128C9 /* CircleMenuDemo.app */;
			productType = "com.apple.product-type.application";
		};
		1D17B1D419B7081A007128C9 /* CircleMenuDemoTests */ = {
			isa = PBXNativeTarget;
			buildConfigurationList = 1D17B1E919B7081A007128C9 /* Build configuration list for PBXNativeTarget "CircleMenuDemoTests" */;
			buildPhases = (
				1D17B1D119B7081A007128C9 /* Sources */,
				1D17B1D219B7081A007128C9 /* Frameworks */,
				1D17B1D319B7081A007128C9 /* Resources */,
			);
			buildRules = (
			);
			dependencies = (
				1D17B1DB19B7081A007128C9 /* PBXTargetDependency */,
			);
			name = CircleMenuDemoTests;
			productName = CircleMenuDemoTests;
			productReference = 1D17B1D519B7081A007128C9 /* CircleMenuDemoTests.xctest */;
			productType = "com.apple.product-type.bundle.unit-test";
		};
/* End PBXNativeTarget section */

/* Begin PBXProject section */
		1D17B1A919B7081A007128C9 /* Project object */ = {
			isa = PBXProject;
			attributes = {
				LastUpgradeCheck = 0510;
				ORGANIZATIONNAME = "GEBIT Solutions GmbH";
				TargetAttributes = {
					1D17B1D419B7081A007128C9 = {
						TestTargetID = 1D17B1B019B7081A007128C9;
					};
				};
			};
			buildConfigurationList = 1D17B1AC19B7081A007128C9 /* Build configuration list for PBXProject "CircleMenuDemo" */;
			compatibilityVersion = "Xcode 3.2";
			developmentRegion = English;
			hasScannedForEncodings = 0;
			knownRegions = (
				en,
				Base,
			);
			mainGroup = 1D17B1A819B7081A007128C9;
			productRefGroup = 1D17B1B219B7081A007128C9 /* Products */;
			projectDirPath = "";
			projectRoot = "";
			targets = (
				1D17B1B019B7081A007128C9 /* CircleMenuDemo */,
				1D17B1D419B7081A007128C9 /* CircleMenuDemoTests */,
			);
		};
/* End PBXProject section */

/* Begin PBXResourcesBuildPhase section */
		1D17B1AF19B7081A007128C9 /* Resources */ = {
			isa = PBXResourcesBuildPhase;
			buildActionMask = 2147483647;
			files = (
				1D17B1D019B7081A007128C9 /* Images.xcassets in Resources */,
				1D17B1C819B7081A007128C9 /* Main_iPhone.storyboard in Resources */,
				1D17B33219B749F7007128C9 /* Podfile in Resources */,
				1D17B1BF19B7081A007128C9 /* InfoPlist.strings in Resources */,
			);
			runOnlyForDeploymentPostprocessing = 0;
		};
		1D17B1D319B7081A007128C9 /* Resources */ = {
			isa = PBXResourcesBuildPhase;
			buildActionMask = 2147483647;
			files = (
				1D17B1E119B7081A007128C9 /* InfoPlist.strings in Resources */,
			);
			runOnlyForDeploymentPostprocessing = 0;
		};
/* End PBXResourcesBuildPhase section */

/* Begin PBXShellScriptBuildPhase section */
		461814A9BBA942359A58520C /* Copy Pods Resources */ = {
			isa = PBXShellScriptBuildPhase;
			buildActionMask = 2147483647;
			files = (
			);
			inputPaths = (
			);
			name = "Copy Pods Resources";
			outputPaths = (
			);
			runOnlyForDeploymentPostprocessing = 0;
			shellPath = /bin/sh;
			shellScript = "\"${SRCROOT}/Pods/Pods-resources.sh\"\n";
			showEnvVarsInLog = 0;
		};
		46F0B3C444DA47338C8D8B61 /* Check Pods Manifest.lock */ = {
			isa = PBXShellScriptBuildPhase;
			buildActionMask = 2147483647;
			files = (
			);
			inputPaths = (
			);
			name = "Check Pods Manifest.lock";
			outputPaths = (
			);
			runOnlyForDeploymentPostprocessing = 0;
			shellPath = /bin/sh;
			shellScript = "diff \"${PODS_ROOT}/../Podfile.lock\" \"${PODS_ROOT}/Manifest.lock\" > /dev/null\nif [[ $? != 0 ]] ; then\n    cat << EOM\nerror: The sandbox is not in sync with the Podfile.lock. Run 'pod install' or update your CocoaPods installation.\nEOM\n    exit 1\nfi\n";
			showEnvVarsInLog = 0;
		};
/* End PBXShellScriptBuildPhase section */

/* Begin PBXSourcesBuildPhase section */
		1D17B1AD19B7081A007128C9 /* Sources */ = {
			isa = PBXSourcesBuildPhase;
			buildActionMask = 2147483647;
			files = (
				1D17B1CE19B7081A007128C9 /* ViewController.m in Sources */,
				1D17B1C519B7081A007128C9 /* AppDelegate.m in Sources */,
				1D17B1C119B7081A007128C9 /* main.m in Sources */,
			);
			runOnlyForDeploymentPostprocessing = 0;
		};
		1D17B1D119B7081A007128C9 /* Sources */ = {
			isa = PBXSourcesBuildPhase;
			buildActionMask = 2147483647;
			files = (
				1D17B1E319B7081A007128C9 /* CircleMenuDemoTests.m in Sources */,
			);
			runOnlyForDeploymentPostprocessing = 0;
		};
/* End PBXSourcesBuildPhase section */

/* Begin PBXTargetDependency section */
		1D17B1DB19B7081A007128C9 /* PBXTargetDependency */ = {
			isa = PBXTargetDependency;
			target = 1D17B1B019B7081A007128C9 /* CircleMenuDemo */;
			targetProxy = 1D17B1DA19B7081A007128C9 /* PBXContainerItemProxy */;
		};
/* End PBXTargetDependency section */

/* Begin PBXVariantGroup section */
		1D17B1BD19B7081A007128C9 /* InfoPlist.strings */ = {
			isa = PBXVariantGroup;
			children = (
				1D17B1BE19B7081A007128C9 /* en */,
			);
			name = InfoPlist.strings;
			sourceTree = "<group>";
		};
		1D17B1C619B7081A007128C9 /* Main_iPhone.storyboard */ = {
			isa = PBXVariantGroup;
			children = (
				1D17B1C719B7081A007128C9 /* Base */,
			);
			name = Main_iPhone.storyboard;
			sourceTree = "<group>";
		};
		1D17B1DF19B7081A007128C9 /* InfoPlist.strings */ = {
			isa = PBXVariantGroup;
			children = (
				1D17B1E019B7081A007128C9 /* en */,
			);
			name = InfoPlist.strings;
			sourceTree = "<group>";
		};
/* End PBXVariantGroup section */

/* Begin XCBuildConfiguration section */
		1D17B1E419B7081A007128C9 /* Debug */ = {
			isa = XCBuildConfiguration;
			buildSettings = {
				ALWAYS_SEARCH_USER_PATHS = NO;
				CLANG_CXX_LANGUAGE_STANDARD = "gnu++0x";
				CLANG_CXX_LIBRARY = "libc++";
				CLANG_ENABLE_MODULES = YES;
				CLANG_ENABLE_OBJC_ARC = YES;
				CLANG_WARN_BOOL_CONVERSION = YES;
				CLANG_WARN_CONSTANT_CONVERSION = YES;
				CLANG_WARN_DIRECT_OBJC_ISA_USAGE = YES_ERROR;
				CLANG_WARN_EMPTY_BODY = YES;
				CLANG_WARN_ENUM_CONVERSION = YES;
				CLANG_WARN_INT_CONVERSION = YES;
				CLANG_WARN_OBJC_ROOT_CLASS = YES_ERROR;
				CLANG_WARN__DUPLICATE_METHOD_MATCH = YES;
				"CODE_SIGN_IDENTITY[sdk=iphoneos*]" = "iPhone Developer";
				COPY_PHASE_STRIP = NO;
				GCC_C_LANGUAGE_STANDARD = gnu99;
				GCC_DYNAMIC_NO_PIC = NO;
				GCC_OPTIMIZATION_LEVEL = 0;
				GCC_PREPROCESSOR_DEFINITIONS = (
					"DEBUG=1",
					"$(inherited)",
				);
				GCC_SYMBOLS_PRIVATE_EXTERN = NO;
				GCC_WARN_64_TO_32_BIT_CONVERSION = YES;
				GCC_WARN_ABOUT_RETURN_TYPE = YES_ERROR;
				GCC_WARN_UNDECLARED_SELECTOR = YES;
				GCC_WARN_UNINITIALIZED_AUTOS = YES_AGGRESSIVE;
				GCC_WARN_UNUSED_FUNCTION = YES;
				GCC_WARN_UNUSED_VARIABLE = YES;
				ONLY_ACTIVE_ARCH = YES;
				SDKROOT = iphoneos;
				TARGETED_DEVICE_FAMILY = "1,2";
			};
			name = Debug;
		};
		1D17B1E519B7081A007128C9 /* Release */ = {
			isa = XCBuildConfiguration;
			buildSettings = {
				ALWAYS_SEARCH_USER_PATHS = NO;
				CLANG_CXX_LANGUAGE_STANDARD = "gnu++0x";
				CLANG_CXX_LIBRARY = "libc++";
				CLANG_ENABLE_MODULES = YES;
				CLANG_ENABLE_OBJC_ARC = YES;
				CLANG_WARN_BOOL_CONVERSION = YES;
				CLANG_WARN_CONSTANT_CONVERSION = YES;
				CLANG_WARN_DIRECT_OBJC_ISA_USAGE = YES_ERROR;
				CLANG_WARN_EMPTY_BODY = YES;
				CLANG_WARN_ENUM_CONVERSION = YES;
				CLANG_WARN_INT_CONVERSION = YES;
				CLANG_WARN_OBJC_ROOT_CLASS = YES_ERROR;
				CLANG_WARN__DUPLICATE_METHOD_MATCH = YES;
				"CODE_SIGN_IDENTITY[sdk=iphoneos*]" = "iPhone Developer";
				COPY_PHASE_STRIP = YES;
				ENABLE_NS_ASSERTIONS = NO;
				GCC_C_LANGUAGE_STANDARD = gnu99;
				GCC_WARN_64_TO_32_BIT_CONVERSION = YES;
				GCC_WARN_ABOUT_RETURN_TYPE = YES_ERROR;
				GCC_WARN_UNDECLARED_SELECTOR = YES;
				GCC_WARN_UNINITIALIZED_AUTOS = YES_AGGRESSIVE;
				GCC_WARN_UNUSED_FUNCTION = YES;
				GCC_WARN_UNUSED_VARIABLE = YES;
				SDKROOT = iphoneos;
				TARGETED_DEVICE_FAMILY = "1,2";
				VALIDATE_PRODUCT = YES;
			};
			name = Release;
		};
		1D17B1E719B7081A007128C9 /* Debug */ = {
			isa = XCBuildConfiguration;
			baseConfigurationReference = D202C4CE5E4A48D9A4B6E690 /* Pods.xcconfig */;
			buildSettings = {
				ASSETCATALOG_COMPILER_APPICON_NAME = AppIcon;
				ASSETCATALOG_COMPILER_LAUNCHIMAGE_NAME = LaunchImage;
				GCC_PRECOMPILE_PREFIX_HEADER = YES;
				GCC_PREFIX_HEADER = "CircleMenuDemo/CircleMenuDemo-Prefix.pch";
				INFOPLIST_FILE = "CircleMenuDemo/CircleMenuDemo-Info.plist";
				PRODUCT_NAME = "$(TARGET_NAME)";
				WRAPPER_EXTENSION = app;
			};
			name = Debug;
		};
		1D17B1E819B7081A007128C9 /* Release */ = {
			isa = XCBuildConfiguration;
			baseConfigurationReference = D202C4CE5E4A48D9A4B6E690 /* Pods.xcconfig */;
			buildSettings = {
				ASSETCATALOG_COMPILER_APPICON_NAME = AppIcon;
				ASSETCATALOG_COMPILER_LAUNCHIMAGE_NAME = LaunchImage;
				GCC_PRECOMPILE_PREFIX_HEADER = YES;
				GCC_PREFIX_HEADER = "CircleMenuDemo/CircleMenuDemo-Prefix.pch";
				INFOPLIST_FILE = "CircleMenuDemo/CircleMenuDemo-Info.plist";
				PRODUCT_NAME = "$(TARGET_NAME)";
				WRAPPER_EXTENSION = app;
			};
			name = Release;
		};
		1D17B1EA19B7081A007128C9 /* Debug */ = {
			isa = XCBuildConfiguration;
			buildSettings = {
				BUNDLE_LOADER = "$(BUILT_PRODUCTS_DIR)/CircleMenuDemo.app/CircleMenuDemo";
				FRAMEWORK_SEARCH_PATHS = (
					"$(SDKROOT)/Developer/Library/Frameworks",
					"$(inherited)",
					"$(DEVELOPER_FRAMEWORKS_DIR)",
				);
				GCC_PRECOMPILE_PREFIX_HEADER = YES;
				GCC_PREFIX_HEADER = "CircleMenuDemo/CircleMenuDemo-Prefix.pch";
				GCC_PREPROCESSOR_DEFINITIONS = (
					"DEBUG=1",
					"$(inherited)",
				);
				INFOPLIST_FILE = "CircleMenuDemoTests/CircleMenuDemoTests-Info.plist";
				PRODUCT_NAME = "$(TARGET_NAME)";
				TEST_HOST = "$(BUNDLE_LOADER)";
				WRAPPER_EXTENSION = xctest;
			};
			name = Debug;
		};
		1D17B1EB19B7081A007128C9 /* Release */ = {
			isa = XCBuildConfiguration;
			buildSettings = {
				BUNDLE_LOADER = "$(BUILT_PRODUCTS_DIR)/CircleMenuDemo.app/CircleMenuDemo";
				FRAMEWORK_SEARCH_PATHS = (
					"$(SDKROOT)/Developer/Library/Frameworks",
					"$(inherited)",
					"$(DEVELOPER_FRAMEWORKS_DIR)",
				);
				GCC_PRECOMPILE_PREFIX_HEADER = YES;
				GCC_PREFIX_HEADER = "CircleMenuDemo/CircleMenuDemo-Prefix.pch";
				INFOPLIST_FILE = "CircleMenuDemoTests/CircleMenuDemoTests-Info.plist";
				PRODUCT_NAME = "$(TARGET_NAME)";
				TEST_HOST = "$(BUNDLE_LOADER)";
				WRAPPER_EXTENSION = xctest;
			};
			name = Release;
		};
/* End XCBuildConfiguration section */

/* Begin XCConfigurationList section */
		1D17B1AC19B7081A007128C9 /* Build configuration list for PBXProject "CircleMenuDemo" */ = {
			isa = XCConfigurationList;
			buildConfigurations = (
				1D17B1E419B7081A007128C9 /* Debug */,
				1D17B1E519B7081A007128C9 /* Release */,
			);
			defaultConfigurationIsVisible = 0;
			defaultConfigurationName = Release;
		};
		1D17B1E619B7081A007128C9 /* Build configuration list for PBXNativeTarget "CircleMenuDemo" */ = {
			isa = XCConfigurationList;
			buildConfigurations = (
				1D17B1E719B7081A007128C9 /* Debug */,
				1D17B1E819B7081A007128C9 /* Release */,
			);
			defaultConfigurationIsVisible = 0;
			defaultConfigurationName = Release;
		};
		1D17B1E919B7081A007128C9 /* Build configuration list for PBXNativeTarget "CircleMenuDemoTests" */ = {
			isa = XCConfigurationList;
			buildConfigurations = (
				1D17B1EA19B7081A007128C9 /* Debug */,
				1D17B1EB19B7081A007128C9 /* Release */,
			);
			defaultConfigurationIsVisible = 0;
			defaultConfigurationName = Release;
		};
/* End XCConfigurationList section */
	};
	rootObject = 1D17B1A919B7081A007128C9 /* Project object */;
}
